<Solution>
  <Folder Name="/src/" />
  <Folder Name="/src/BuildingBlocks/">
    <Project Path="src/BuildingBlocks/BuildingBlocks.Core/BuildingBlocks.Core.csproj" Id="172741f5-2301-4f32-aa53-6220217f7e00" />
  </Folder>
  <Folder Name="/src/Services/" />
  <Folder Name="/src/Services/Consumer/">
    <Project Path="src/Services/Consumer/CineCloud.Consumer/CineCloud.Consumer.csproj" Id="a409ff07-c1d3-483b-a0ce-0f2f3b1b1bc6" />
  </Folder>
  <Folder Name="/src/Services/Publisher/" />
  <Folder Name="/src/Services/Publisher/Application/">
    <Project Path="src/Services/Publisher/Application/CineCloud.Application/CineCloud.Application.csproj" Id="bae51a7a-d0fa-4a31-b29c-f695a9c6b28f" />
  </Folder>
  <Folder Name="/src/Services/Publisher/Domain/">
    <Project Path="src/Services/Publisher/Domain/CineCloud.Domain/CineCloud.Domain.csproj" Id="b1bd9184-51d7-43be-ba7c-43d6e96a4672" />
  </Folder>
  <Folder Name="/src/Services/Publisher/Infrastructure/">
    <Project Path="src/Services/Publisher/Infrastructure/CineCloud.Infrastructure/CineCloud.Infrastructure.csproj" Id="2091e68f-15fa-4fc0-a951-dd88616922cb" />
  </Folder>
  <Folder Name="/src/Services/Publisher/Presentation/">
    <Project Path="src/Services/Publisher/Presentation/CineCloud.WebApi/CineCloud.WebApi.csproj" Id="ab2436ad-992d-4cf9-a354-8c9442fecb69" />
  </Folder>
  <Folder Name="/src/Shared/" />
  <Folder Name="/src/Shared/Queries/" />
  <Folder Name="/src/Shared/Queries/Application/">
    <Project Path="src/Shared/Queries/Application/CineCloud.Queries.Application/CineCloud.Queries.Application.csproj" Id="a0326a61-3345-4e1d-9640-641d85144fee" />
  </Folder>
  <Folder Name="/src/Shared/Queries/Domain/">
    <Project Path="src/Shared/Queries/Domain/CineCloud.Queries.Domain/CineCloud.Queries.Domain.csproj" Id="6e83d9ea-fe36-4957-98a9-c99a97f958af" />
  </Folder>
  <Folder Name="/src/Shared/Queries/Infrastructure/">
    <Project Path="src/Shared/Queries/Infrastructure/CineCloud.Queries.Infrastructure/CineCloud.Queries.Infrastructure.csproj" Id="b61cb09a-66c2-43cb-b002-975f903213dc" />
  </Folder>
  <Folder Name="/test/" />
  <Folder Name="/test/BuildingBlocks/">
    <Project Path="test/BuildingBlocks/BuildingBlocks.Core.Tests/BuildingBlocks.Core.Tests.csproj" />
  </Folder>
  <Folder Name="/test/Services/" />
  <Folder Name="/test/Services/Consumer/">
    <Project Path="test/Services/Consumer/CineCloud.Consumer.Tests/CineCloud.Consumer.Tests.csproj" />
  </Folder>
  <Folder Name="/test/Services/Publisher/" />
  <Folder Name="/test/Services/Publisher/Application/">
    <Project Path="test/Services/Publisher/Application/CineCloud.Application.Tests/CineCloud.Application.Tests.csproj" />
  </Folder>
  <Folder Name="/test/Services/Publisher/Domain/">
    <Project Path="test/Services/Publisher/Domain/CineCloud.Domain.Tests/CineCloud.Domain.Tests.csproj" />
  </Folder>
  <Folder Name="/test/Services/Publisher/Infrastructure/">
    <Project Path="test/Services/Publisher/Infrastructure/CineCloud.Infrastructure.Tests/CineCloud.Infrastructure.Tests.csproj" />
  </Folder>
  <Folder Name="/test/Services/Publisher/Presentation/">
    <Project Path="test/Services/Publisher/Presentation/CineCloud.WebApi.Tests/CineCloud.WebApi.Tests.csproj" />
  </Folder>
  <Folder Name="/test/Shared/" />
  <Folder Name="/test/Shared/Queries/" />
  <Folder Name="/test/Shared/Queries/Application/">
    <Project Path="test/Shared/Queries/Application/CineCloud.Queries.Application.Tests/CineCloud.Queries.Application.Tests.csproj" />
  </Folder>
  <Folder Name="/test/Shared/Queries/Domain/">
    <Project Path="test/Shared/Queries/Domain/CineCloud.Queries.Domain.Tests/CineCloud.Queries.Domain.Tests.csproj" />
  </Folder>
  <Folder Name="/test/Shared/Queries/Infrastructure/">
    <Project Path="test/Shared/Queries/Infrastructure/CineCloud.Queries.Infrastructure.Tests/CineCloud.Queries.Infrastructure.Tests.csproj" />
  </Folder>
  <Project Path="docker-compose.dcproj">
    <Build />
  </Project>
</Solution>
